// !$*UTF8*$!
{
	archiveVersion = 1;
	classes = {
	};
	objectVersion = 56;
	objects = {

/* Begin PBXBuildFile section */
		671F20602A0AE8F400E748A4 /* favorite.swift in Sources */ = {isa = PBXBuildFile; fileRef = 671F205F2A0AE8F400E748A4 /* favorite.swift */; };
		671F20632A0AE94100E748A4 /* modalEvent.swift in Sources */ = {isa = PBXBuildFile; fileRef = 671F20612A0AE94100E748A4 /* modalEvent.swift */; };
		671F20642A0AE94100E748A4 /* createEvent.swift in Sources */ = {isa = PBXBuildFile; fileRef = 671F20622A0AE94100E748A4 /* createEvent.swift */; };
		6745DBD32A0E551A000FA95F /* FirebaseAuth in Frameworks */ = {isa = PBXBuildFile; productRef = 6745DBD22A0E551A000FA95F /* FirebaseAuth */; };
		6745DBD52A0E551A000FA95F /* FirebaseFirestore in Frameworks */ = {isa = PBXBuildFile; productRef = 6745DBD42A0E551A000FA95F /* FirebaseFirestore */; };
		6745DBD72A0E55E2000FA95F /* GoogleService-Info.plist in Resources */ = {isa = PBXBuildFile; fileRef = 6745DBD62A0E55E2000FA95F /* GoogleService-Info.plist */; };
		6745DBD92A0E5605000FA95F /* LoginView.swift in Sources */ = {isa = PBXBuildFile; fileRef = 6745DBD82A0E5605000FA95F /* LoginView.swift */; };
		6745DBDB2A0E561D000FA95F /* AuthView.swift in Sources */ = {isa = PBXBuildFile; fileRef = 6745DBDA2A0E561D000FA95F /* AuthView.swift */; };
		6745DBDD2A0E5624000FA95F /* SignUpView.swift in Sources */ = {isa = PBXBuildFile; fileRef = 6745DBDC2A0E5624000FA95F /* SignUpView.swift */; };
		6745DBDF2A0E5629000FA95F /* String.swift in Sources */ = {isa = PBXBuildFile; fileRef = 6745DBDE2A0E5629000FA95F /* String.swift */; };
		6752D7512A02554600E3283C /* Meet_MatesApp.swift in Sources */ = {isa = PBXBuildFile; fileRef = 6752D7502A02554600E3283C /* Meet_MatesApp.swift */; };
		6752D7552A02554600E3283C /* Assets.xcassets in Resources */ = {isa = PBXBuildFile; fileRef = 6752D7542A02554600E3283C /* Assets.xcassets */; };
		6752D7582A02554600E3283C /* Preview Assets.xcassets in Resources */ = {isa = PBXBuildFile; fileRef = 6752D7572A02554600E3283C /* Preview Assets.xcassets */; };
		6752D7602A025D1300E3283C /* Data.swift in Sources */ = {isa = PBXBuildFile; fileRef = 6752D75F2A025D1300E3283C /* Data.swift */; };
		6752D7652A027BA300E3283C /* TabBar.swift in Sources */ = {isa = PBXBuildFile; fileRef = 6752D7642A027BA300E3283C /* TabBar.swift */; };
		6752D7672A027E6500E3283C /* Profil.swift in Sources */ = {isa = PBXBuildFile; fileRef = 6752D7662A027E6500E3283C /* Profil.swift */; };
		6752D7692A02800000E3283C /* ContentView.swift in Sources */ = {isa = PBXBuildFile; fileRef = 6752D7682A02800000E3283C /* ContentView.swift */; };
		6752D76B2A028A9E00E3283C /* Settings.swift in Sources */ = {isa = PBXBuildFile; fileRef = 6752D76A2A028A9E00E3283C /* Settings.swift */; };
		675DC4DD2A02A4E7008D1776 /* home.swift in Sources */ = {isa = PBXBuildFile; fileRef = 675DC4DC2A02A4E7008D1776 /* home.swift */; };
		67CECE362A03C37B007DE5E9 /* ListPage1.swift in Sources */ = {isa = PBXBuildFile; fileRef = 67CECE352A03C37B007DE5E9 /* ListPage1.swift */; };
		67CECE3A2A03C71E007DE5E9 /* firstPage.swift in Sources */ = {isa = PBXBuildFile; fileRef = 67CECE392A03C71E007DE5E9 /* firstPage.swift */; };
		67DD2D3B2A0E234A008FA1E6 /* Billets.swift in Sources */ = {isa = PBXBuildFile; fileRef = 67DD2D3A2A0E234A008FA1E6 /* Billets.swift */; };
		67DD2D3D2A0E23A5008FA1E6 /* BilletData.swift in Sources */ = {isa = PBXBuildFile; fileRef = 67DD2D3C2A0E23A5008FA1E6 /* BilletData.swift */; };
/* End PBXBuildFile section */

/* Begin PBXFileReference section */
		671F205F2A0AE8F400E748A4 /* favorite.swift */ = {isa = PBXFileReference; fileEncoding = 4; lastKnownFileType = sourcecode.swift; path = favorite.swift; sourceTree = "<group>"; };
		671F20612A0AE94100E748A4 /* modalEvent.swift */ = {isa = PBXFileReference; fileEncoding = 4; lastKnownFileType = sourcecode.swift; path = modalEvent.swift; sourceTree = "<group>"; };
		671F20622A0AE94100E748A4 /* createEvent.swift */ = {isa = PBXFileReference; fileEncoding = 4; lastKnownFileType = sourcecode.swift; path = createEvent.swift; sourceTree = "<group>"; };
		6745DBD62A0E55E2000FA95F /* GoogleService-Info.plist */ = {isa = PBXFileReference; fileEncoding = 4; lastKnownFileType = text.plist.xml; path = "GoogleService-Info.plist"; sourceTree = "<group>"; };
		6745DBD82A0E5605000FA95F /* LoginView.swift */ = {isa = PBXFileReference; fileEncoding = 4; lastKnownFileType = sourcecode.swift; path = LoginView.swift; sourceTree = "<group>"; };
		6745DBDA2A0E561D000FA95F /* AuthView.swift */ = {isa = PBXFileReference; fileEncoding = 4; lastKnownFileType = sourcecode.swift; path = AuthView.swift; sourceTree = "<group>"; };
		6745DBDC2A0E5624000FA95F /* SignUpView.swift */ = {isa = PBXFileReference; fileEncoding = 4; lastKnownFileType = sourcecode.swift; path = SignUpView.swift; sourceTree = "<group>"; };
		6745DBDE2A0E5629000FA95F /* String.swift */ = {isa = PBXFileReference; fileEncoding = 4; lastKnownFileType = sourcecode.swift; path = String.swift; sourceTree = "<group>"; };
		6752D74D2A02554600E3283C /* Meet-Mates.app */ = {isa = PBXFileReference; explicitFileType = wrapper.application; includeInIndex = 0; path = "Meet-Mates.app"; sourceTree = BUILT_PRODUCTS_DIR; };
		6752D7502A02554600E3283C /* Meet_MatesApp.swift */ = {isa = PBXFileReference; lastKnownFileType = sourcecode.swift; path = Meet_MatesApp.swift; sourceTree = "<group>"; };
		6752D7542A02554600E3283C /* Assets.xcassets */ = {isa = PBXFileReference; lastKnownFileType = folder.assetcatalog; path = Assets.xcassets; sourceTree = "<group>"; };
		6752D7572A02554600E3283C /* Preview Assets.xcassets */ = {isa = PBXFileReference; lastKnownFileType = folder.assetcatalog; path = "Preview Assets.xcassets"; sourceTree = "<group>"; };
		6752D75F2A025D1300E3283C /* Data.swift */ = {isa = PBXFileReference; lastKnownFileType = sourcecode.swift; path = Data.swift; sourceTree = "<group>"; };
		6752D7642A027BA300E3283C /* TabBar.swift */ = {isa = PBXFileReference; lastKnownFileType = sourcecode.swift; path = TabBar.swift; sourceTree = "<group>"; };
		6752D7662A027E6500E3283C /* Profil.swift */ = {isa = PBXFileReference; lastKnownFileType = sourcecode.swift; path = Profil.swift; sourceTree = "<group>"; };
		6752D7682A02800000E3283C /* ContentView.swift */ = {isa = PBXFileReference; lastKnownFileType = sourcecode.swift; path = ContentView.swift; sourceTree = "<group>"; };
		6752D76A2A028A9E00E3283C /* Settings.swift */ = {isa = PBXFileReference; lastKnownFileType = sourcecode.swift; path = Settings.swift; sourceTree = "<group>"; };
		675DC4DC2A02A4E7008D1776 /* home.swift */ = {isa = PBXFileReference; lastKnownFileType = sourcecode.swift; path = home.swift; sourceTree = "<group>"; };
		67CECE352A03C37B007DE5E9 /* ListPage1.swift */ = {isa = PBXFileReference; lastKnownFileType = sourcecode.swift; path = ListPage1.swift; sourceTree = "<group>"; };
		67CECE392A03C71E007DE5E9 /* firstPage.swift */ = {isa = PBXFileReference; lastKnownFileType = sourcecode.swift; path = firstPage.swift; sourceTree = "<group>"; };
		67DD2D3A2A0E234A008FA1E6 /* Billets.swift */ = {isa = PBXFileReference; fileEncoding = 4; lastKnownFileType = sourcecode.swift; path = Billets.swift; sourceTree = "<group>"; };
		67DD2D3C2A0E23A5008FA1E6 /* BilletData.swift */ = {isa = PBXFileReference; fileEncoding = 4; lastKnownFileType = sourcecode.swift; path = BilletData.swift; sourceTree = "<group>"; };
/* End PBXFileReference section */

/* Begin PBXFrameworksBuildPhase section */
		6752D74A2A02554600E3283C /* Frameworks */ = {
			isa = PBXFrameworksBuildPhase;
			buildActionMask = 2147483647;
			files = (
				6745DBD32A0E551A000FA95F /* FirebaseAuth in Frameworks */,
				6745DBD52A0E551A000FA95F /* FirebaseFirestore in Frameworks */,
			);
			runOnlyForDeploymentPostprocessing = 0;
		};
/* End PBXFrameworksBuildPhase section */

/* Begin PBXGroup section */
		6752D7442A02554500E3283C = {
			isa = PBXGroup;
			children = (
				6752D74F2A02554600E3283C /* Meet-Mates */,
				6752D74E2A02554600E3283C /* Products */,
			);
			sourceTree = "<group>";
		};
		6752D74E2A02554600E3283C /* Products */ = {
			isa = PBXGroup;
			children = (
				6752D74D2A02554600E3283C /* Meet-Mates.app */,
			);
			name = Products;
			sourceTree = "<group>";
		};
		6752D74F2A02554600E3283C /* Meet-Mates */ = {
			isa = PBXGroup;
			children = (
				6745DBDE2A0E5629000FA95F /* String.swift */,
				6745DBDC2A0E5624000FA95F /* SignUpView.swift */,
				6745DBDA2A0E561D000FA95F /* AuthView.swift */,
				6745DBD82A0E5605000FA95F /* LoginView.swift */,
				6745DBD62A0E55E2000FA95F /* GoogleService-Info.plist */,
				6752D75E2A025CFD00E3283C /* Data */,
				6752D7502A02554600E3283C /* Meet_MatesApp.swift */,
				6752D7682A02800000E3283C /* ContentView.swift */,
				675DC4DC2A02A4E7008D1776 /* home.swift */,
				67CECE392A03C71E007DE5E9 /* firstPage.swift */,
				6752D7642A027BA300E3283C /* TabBar.swift */,
				6752D7662A027E6500E3283C /* Profil.swift */,
				6752D76A2A028A9E00E3283C /* Settings.swift */,
				671F20622A0AE94100E748A4 /* createEvent.swift */,
				671F20612A0AE94100E748A4 /* modalEvent.swift */,
				67DD2D3A2A0E234A008FA1E6 /* Billets.swift */,
				671F205F2A0AE8F400E748A4 /* favorite.swift */,
				6752D7542A02554600E3283C /* Assets.xcassets */,
				6752D7562A02554600E3283C /* Preview Content */,
			);
			path = "Meet-Mates";
			sourceTree = "<group>";
		};
		6752D7562A02554600E3283C /* Preview Content */ = {
			isa = PBXGroup;
			children = (
				6752D7572A02554600E3283C /* Preview Assets.xcassets */,
			);
			path = "Preview Content";
			sourceTree = "<group>";
		};
		6752D75E2A025CFD00E3283C /* Data */ = {
			isa = PBXGroup;
			children = (
				6752D75F2A025D1300E3283C /* Data.swift */,
				67CECE352A03C37B007DE5E9 /* ListPage1.swift */,
				67DD2D3C2A0E23A5008FA1E6 /* BilletData.swift */,
			);
			path = Data;
			sourceTree = "<group>";
		};
/* End PBXGroup section */

/* Begin PBXNativeTarget section */
		6752D74C2A02554600E3283C /* Meet-Mates */ = {
			isa = PBXNativeTarget;
			buildConfigurationList = 6752D75B2A02554600E3283C /* Build configuration list for PBXNativeTarget "Meet-Mates" */;
			buildPhases = (
				6752D7492A02554600E3283C /* Sources */,
				6752D74A2A02554600E3283C /* Frameworks */,
				6752D74B2A02554600E3283C /* Resources */,
			);
			buildRules = (
			);
			dependencies = (
			);
			name = "Meet-Mates";
			packageProductDependencies = (
				6745DBD22A0E551A000FA95F /* FirebaseAuth */,
				6745DBD42A0E551A000FA95F /* FirebaseFirestore */,
			);
			productName = "Meet-Mates";
			productReference = 6752D74D2A02554600E3283C /* Meet-Mates.app */;
			productType = "com.apple.product-type.application";
		};
/* End PBXNativeTarget section */

/* Begin PBXProject section */
		6752D7452A02554500E3283C /* Project object */ = {
			isa = PBXProject;
			attributes = {
				BuildIndependentTargetsInParallel = 1;
				LastSwiftUpdateCheck = 1430;
				LastUpgradeCheck = 1430;
				TargetAttributes = {
					6752D74C2A02554600E3283C = {
						CreatedOnToolsVersion = 14.3;
					};
				};
			};
			buildConfigurationList = 6752D7482A02554500E3283C /* Build configuration list for PBXProject "Meet-Mates" */;
			compatibilityVersion = "Xcode 14.0";
			developmentRegion = en;
			hasScannedForEncodings = 0;
			knownRegions = (
				en,
				Base,
			);
			mainGroup = 6752D7442A02554500E3283C;
			packageReferences = (
				6745DBD12A0E551A000FA95F /* XCRemoteSwiftPackageReference "firebase-ios-sdk" */,
			);
			productRefGroup = 6752D74E2A02554600E3283C /* Products */;
			projectDirPath = "";
			projectRoot = "";
			targets = (
				6752D74C2A02554600E3283C /* Meet-Mates */,
			);
		};
/* End PBXProject section */

/* Begin PBXResourcesBuildPhase section */
		6752D74B2A02554600E3283C /* Resources */ = {
			isa = PBXResourcesBuildPhase;
			buildActionMask = 2147483647;
			files = (
				6752D7582A02554600E3283C /* Preview Assets.xcassets in Resources */,
				6752D7552A02554600E3283C /* Assets.xcassets in Resources */,
				6745DBD72A0E55E2000FA95F /* GoogleService-Info.plist in Resources */,
			);
			runOnlyForDeploymentPostprocessing = 0;
		};
/* End PBXResourcesBuildPhase section */

/* Begin PBXSourcesBuildPhase section */
		6752D7492A02554600E3283C /* Sources */ = {
			isa = PBXSourcesBuildPhase;
			buildActionMask = 2147483647;
			files = (
				6745DBDF2A0E5629000FA95F /* String.swift in Sources */,
				6752D76B2A028A9E00E3283C /* Settings.swift in Sources */,
				6752D7602A025D1300E3283C /* Data.swift in Sources */,
				675DC4DD2A02A4E7008D1776 /* home.swift in Sources */,
				67DD2D3D2A0E23A5008FA1E6 /* BilletData.swift in Sources */,
				671F20602A0AE8F400E748A4 /* favorite.swift in Sources */,
				6752D7692A02800000E3283C /* ContentView.swift in Sources */,
				671F20632A0AE94100E748A4 /* modalEvent.swift in Sources */,
				6752D7512A02554600E3283C /* Meet_MatesApp.swift in Sources */,
				6752D7672A027E6500E3283C /* Profil.swift in Sources */,
				67DD2D3B2A0E234A008FA1E6 /* Billets.swift in Sources */,
				671F20642A0AE94100E748A4 /* createEvent.swift in Sources */,
				6752D7652A027BA300E3283C /* TabBar.swift in Sources */,
				67CECE362A03C37B007DE5E9 /* ListPage1.swift in Sources */,
				6745DBDB2A0E561D000FA95F /* AuthView.swift in Sources */,
				6745DBD92A0E5605000FA95F /* LoginView.swift in Sources */,
				6745DBDD2A0E5624000FA95F /* SignUpView.swift in Sources */,
				67CECE3A2A03C71E007DE5E9 /* firstPage.swift in Sources */,
			);
			runOnlyForDeploymentPostprocessing = 0;
		};
/* End PBXSourcesBuildPhase section */

/* Begin XCBuildConfiguration section */
		6752D7592A02554600E3283C /* Debug */ = {
			isa = XCBuildConfiguration;
			buildSettings = {
				ALWAYS_SEARCH_USER_PATHS = NO;
				CLANG_ANALYZER_NONNULL = YES;
				CLANG_ANALYZER_NUMBER_OBJECT_CONVERSION = YES_AGGRESSIVE;
				CLANG_CXX_LANGUAGE_STANDARD = "gnu++20";
				CLANG_ENABLE_MODULES = YES;
				CLANG_ENABLE_OBJC_ARC = YES;
				CLANG_ENABLE_OBJC_WEAK = YES;
				CLANG_WARN_BLOCK_CAPTURE_AUTORELEASING = YES;
				CLANG_WARN_BOOL_CONVERSION = YES;
				CLANG_WARN_COMMA = YES;
				CLANG_WARN_CONSTANT_CONVERSION = YES;
				CLANG_WARN_DEPRECATED_OBJC_IMPLEMENTATIONS = YES;
				CLANG_WARN_DIRECT_OBJC_ISA_USAGE = YES_ERROR;
				CLANG_WARN_DOCUMENTATION_COMMENTS = YES;
				CLANG_WARN_EMPTY_BODY = YES;
				CLANG_WARN_ENUM_CONVERSION = YES;
				CLANG_WARN_INFINITE_RECURSION = YES;
				CLANG_WARN_INT_CONVERSION = YES;
				CLANG_WARN_NON_LITERAL_NULL_CONVERSION = YES;
				CLANG_WARN_OBJC_IMPLICIT_RETAIN_SELF = YES;
				CLANG_WARN_OBJC_LITERAL_CONVERSION = YES;
				CLANG_WARN_OBJC_ROOT_CLASS = YES_ERROR;
				CLANG_WARN_QUOTED_INCLUDE_IN_FRAMEWORK_HEADER = YES;
				CLANG_WARN_RANGE_LOOP_ANALYSIS = YES;
				CLANG_WARN_STRICT_PROTOTYPES = YES;
				CLANG_WARN_SUSPICIOUS_MOVE = YES;
				CLANG_WARN_UNGUARDED_AVAILABILITY = YES_AGGRESSIVE;
				CLANG_WARN_UNREACHABLE_CODE = YES;
				CLANG_WARN__DUPLICATE_METHOD_MATCH = YES;
				COPY_PHASE_STRIP = NO;
				DEBUG_INFORMATION_FORMAT = dwarf;
				ENABLE_STRICT_OBJC_MSGSEND = YES;
				ENABLE_TESTABILITY = YES;
				GCC_C_LANGUAGE_STANDARD = gnu11;
				GCC_DYNAMIC_NO_PIC = NO;
				GCC_NO_COMMON_BLOCKS = YES;
				GCC_OPTIMIZATION_LEVEL = 0;
				GCC_PREPROCESSOR_DEFINITIONS = (
					"DEBUG=1",
					"$(inherited)",
				);
				GCC_WARN_64_TO_32_BIT_CONVERSION = YES;
				GCC_WARN_ABOUT_RETURN_TYPE = YES_ERROR;
				GCC_WARN_UNDECLARED_SELECTOR = YES;
				GCC_WARN_UNINITIALIZED_AUTOS = YES_AGGRESSIVE;
				GCC_WARN_UNUSED_FUNCTION = YES;
				GCC_WARN_UNUSED_VARIABLE = YES;
				IPHONEOS_DEPLOYMENT_TARGET = 16.4;
				MTL_ENABLE_DEBUG_INFO = INCLUDE_SOURCE;
				MTL_FAST_MATH = YES;
				ONLY_ACTIVE_ARCH = YES;
				SDKROOT = iphoneos;
				SWIFT_ACTIVE_COMPILATION_CONDITIONS = DEBUG;
				SWIFT_OPTIMIZATION_LEVEL = "-Onone";
			};
			name = Debug;
		};
		6752D75A2A02554600E3283C /* Release */ = {
			isa = XCBuildConfiguration;
			buildSettings = {
				ALWAYS_SEARCH_USER_PATHS = NO;
				CLANG_ANALYZER_NONNULL = YES;
				CLANG_ANALYZER_NUMBER_OBJECT_CONVERSION = YES_AGGRESSIVE;
				CLANG_CXX_LANGUAGE_STANDARD = "gnu++20";
				CLANG_ENABLE_MODULES = YES;
				CLANG_ENABLE_OBJC_ARC = YES;
				CLANG_ENABLE_OBJC_WEAK = YES;
				CLANG_WARN_BLOCK_CAPTURE_AUTORELEASING = YES;
				CLANG_WARN_BOOL_CONVERSION = YES;
				CLANG_WARN_COMMA = YES;
				CLANG_WARN_CONSTANT_CONVERSION = YES;
				CLANG_WARN_DEPRECATED_OBJC_IMPLEMENTATIONS = YES;
				CLANG_WARN_DIRECT_OBJC_ISA_USAGE = YES_ERROR;
				CLANG_WARN_DOCUMENTATION_COMMENTS = YES;
				CLANG_WARN_EMPTY_BODY = YES;
				CLANG_WARN_ENUM_CONVERSION = YES;
				CLANG_WARN_INFINITE_RECURSION = YES;
				CLANG_WARN_INT_CONVERSION = YES;
				CLANG_WARN_NON_LITERAL_NULL_CONVERSION = YES;
				CLANG_WARN_OBJC_IMPLICIT_RETAIN_SELF = YES;
				CLANG_WARN_OBJC_LITERAL_CONVERSION = YES;
				CLANG_WARN_OBJC_ROOT_CLASS = YES_ERROR;
				CLANG_WARN_QUOTED_INCLUDE_IN_FRAMEWORK_HEADER = YES;
				CLANG_WARN_RANGE_LOOP_ANALYSIS = YES;
				CLANG_WARN_STRICT_PROTOTYPES = YES;
				CLANG_WARN_SUSPICIOUS_MOVE = YES;
				CLANG_WARN_UNGUARDED_AVAILABILITY = YES_AGGRESSIVE;
				CLANG_WARN_UNREACHABLE_CODE = YES;
				CLANG_WARN__DUPLICATE_METHOD_MATCH = YES;
				COPY_PHASE_STRIP = NO;
				DEBUG_INFORMATION_FORMAT = "dwarf-with-dsym";
				ENABLE_NS_ASSERTIONS = NO;
				ENABLE_STRICT_OBJC_MSGSEND = YES;
				GCC_C_LANGUAGE_STANDARD = gnu11;
				GCC_NO_COMMON_BLOCKS = YES;
				GCC_WARN_64_TO_32_BIT_CONVERSION = YES;
				GCC_WARN_ABOUT_RETURN_TYPE = YES_ERROR;
				GCC_WARN_UNDECLARED_SELECTOR = YES;
				GCC_WARN_UNINITIALIZED_AUTOS = YES_AGGRESSIVE;
				GCC_WARN_UNUSED_FUNCTION = YES;
				GCC_WARN_UNUSED_VARIABLE = YES;
				IPHONEOS_DEPLOYMENT_TARGET = 16.4;
				MTL_ENABLE_DEBUG_INFO = NO;
				MTL_FAST_MATH = YES;
				SDKROOT = iphoneos;
				SWIFT_COMPILATION_MODE = wholemodule;
				SWIFT_OPTIMIZATION_LEVEL = "-O";
				VALIDATE_PRODUCT = YES;
			};
			name = Release;
		};
		6752D75C2A02554600E3283C /* Debug */ = {
			isa = XCBuildConfiguration;
			buildSettings = {
				ASSETCATALOG_COMPILER_APPICON_NAME = AppIcon;
				ASSETCATALOG_COMPILER_GLOBAL_ACCENT_COLOR_NAME = AccentColor;
				CODE_SIGN_STYLE = Automatic;
				CURRENT_PROJECT_VERSION = 1;
				DEVELOPMENT_ASSET_PATHS = "\"Meet-Mates/Preview Content\"";
				DEVELOPMENT_TEAM = C9F4WPR524;
				ENABLE_PREVIEWS = YES;
				GENERATE_INFOPLIST_FILE = YES;
				INFOPLIST_KEY_UIApplicationSceneManifest_Generation = YES;
				INFOPLIST_KEY_UIApplicationSupportsIndirectInputEvents = YES;
				INFOPLIST_KEY_UILaunchScreen_Generation = YES;
				INFOPLIST_KEY_UISupportedInterfaceOrientations_iPad = "UIInterfaceOrientationPortrait UIInterfaceOrientationPortraitUpsideDown UIInterfaceOrientationLandscapeLeft UIInterfaceOrientationLandscapeRight";
				INFOPLIST_KEY_UISupportedInterfaceOrientations_iPhone = "UIInterfaceOrientationPortrait UIInterfaceOrientationLandscapeLeft UIInterfaceOrientationLandscapeRight";
				LD_RUNPATH_SEARCH_PATHS = (
					"$(inherited)",
					"@executable_path/Frameworks",
				);
				MARKETING_VERSION = 1.0;
				PRODUCT_BUNDLE_IDENTIFIER = "Meet-Mates.Meet-Mates";
				PRODUCT_NAME = "$(TARGET_NAME)";
				SWIFT_EMIT_LOC_STRINGS = YES;
				SWIFT_VERSION = 5.0;
				TARGETED_DEVICE_FAMILY = "1,2";
			};
			name = Debug;
		};
		6752D75D2A02554600E3283C /* Release */ = {
			isa = XCBuildConfiguration;
			buildSettings = {
				ASSETCATALOG_COMPILER_APPICON_NAME = AppIcon;
				ASSETCATALOG_COMPILER_GLOBAL_ACCENT_COLOR_NAME = AccentColor;
				CODE_SIGN_STYLE = Automatic;
				CURRENT_PROJECT_VERSION = 1;
				DEVELOPMENT_ASSET_PATHS = "\"Meet-Mates/Preview Content\"";
				DEVELOPMENT_TEAM = C9F4WPR524;
				ENABLE_PREVIEWS = YES;
				GENERATE_INFOPLIST_FILE = YES;
				INFOPLIST_KEY_UIApplicationSceneManifest_Generation = YES;
				INFOPLIST_KEY_UIApplicationSupportsIndirectInputEvents = YES;
				INFOPLIST_KEY_UILaunchScreen_Generation = YES;
				INFOPLIST_KEY_UISupportedInterfaceOrientations_iPad = "UIInterfaceOrientationPortrait UIInterfaceOrientationPortraitUpsideDown UIInterfaceOrientationLandscapeLeft UIInterfaceOrientationLandscapeRight";
				INFOPLIST_KEY_UISupportedInterfaceOrientations_iPhone = "UIInterfaceOrientationPortrait UIInterfaceOrientationLandscapeLeft UIInterfaceOrientationLandscapeRight";
				LD_RUNPATH_SEARCH_PATHS = (
					"$(inherited)",
					"@executable_path/Frameworks",
				);
				MARKETING_VERSION = 1.0;
				PRODUCT_BUNDLE_IDENTIFIER = "Meet-Mates.Meet-Mates";
				PRODUCT_NAME = "$(TARGET_NAME)";
				SWIFT_EMIT_LOC_STRINGS = YES;
				SWIFT_VERSION = 5.0;
				TARGETED_DEVICE_FAMILY = "1,2";
			};
			name = Release;
		};
/* End XCBuildConfiguration section */

/* Begin XCConfigurationList section */
		6752D7482A02554500E3283C /* Build configuration list for PBXProject "Meet-Mates" */ = {
			isa = XCConfigurationList;
			buildConfigurations = (
				6752D7592A02554600E3283C /* Debug */,
				6752D75A2A02554600E3283C /* Release */,
			);
			defaultConfigurationIsVisible = 0;
			defaultConfigurationName = Release;
		};
		6752D75B2A02554600E3283C /* Build configuration list for PBXNativeTarget "Meet-Mates" */ = {
			isa = XCConfigurationList;
			buildConfigurations = (
				6752D75C2A02554600E3283C /* Debug */,
				6752D75D2A02554600E3283C /* Release */,
			);
			defaultConfigurationIsVisible = 0;
			defaultConfigurationName = Release;
		};
/* End XCConfigurationList section */

/* Begin XCRemoteSwiftPackageReference section */
		6745DBD12A0E551A000FA95F /* XCRemoteSwiftPackageReference "firebase-ios-sdk" */ = {
			isa = XCRemoteSwiftPackageReference;
			repositoryURL = "https://github.com/firebase/firebase-ios-sdk";
			requirement = {
				branch = master;
				kind = branch;
			};
		};
/* End XCRemoteSwiftPackageReference section */

/* Begin XCSwiftPackageProductDependency section */
		6745DBD22A0E551A000FA95F /* FirebaseAuth */ = {
			isa = XCSwiftPackageProductDependency;
			package = 6745DBD12A0E551A000FA95F /* XCRemoteSwiftPackageReference "firebase-ios-sdk" */;
			productName = FirebaseAuth;
		};
		6745DBD42A0E551A000FA95F /* FirebaseFirestore */ = {
			isa = XCSwiftPackageProductDependency;
			package = 6745DBD12A0E551A000FA95F /* XCRemoteSwiftPackageReference "firebase-ios-sdk" */;
			productName = FirebaseFirestore;
		};
/* End XCSwiftPackageProductDependency section */
	};
	rootObject = 6752D7452A02554500E3283C /* Project object */;
}
